# versions.lock — pinned build manifest (moodle-core-5-2-2)
# Single source of truth. Change here, then rebuild.

MOODLE_VERSION := 5.2.2
MOODLE_RELEASE_PREFIX := 5.2.2
MOODLE_STABLE_BRANCH := stable502
MOODLE_DOWNLOAD_URL := https://packaging.moodle.org/stable502/moodle-5.2.2.tgz
MOODLE_LAYOUT := 5
PHP_VERSION := 8.4
DOCKER_TAG := 5.2.2
